
Microsoft Visual Studio Solution File, Format Version 12.00
# Visual Studio Version 17
VisualStudioVersion = 17.2.32519.379
MinimumVisualStudioVersion = 10.0.40219.1
Project("{9A19103F-16F7-4668-BE54-9A1E7A4F7556}") = "Regex_UserReistration", "Regex_UserReistration.csproj", "{015ACFFC-8600-4B20-8CCC-861616DD41D0}"
EndProject
Project("{FAE04EC0-301F-11D3-BF4B-00C04F79EFBC}") = "UserRegistrationTesting", "..\UserRegistrationTesting\UserRegistrationTesting.csproj", "{D61D5D3D-8994-424E-B233-DCDE649AF182}"
EndProject
Global
	GlobalSection(SolutionConfigurationPlatforms) = preSolution
		Debug|Any CPU = Debug|Any CPU
		Release|Any CPU = Release|Any CPU
	EndGlobalSection
	GlobalSection(ProjectConfigurationPlatforms) = postSolution
		{015ACFFC-8600-4B20-8CCC-861616DD41D0}.Debug|Any CPU.ActiveCfg = Debug|Any CPU
		{015ACFFC-8600-4B20-8CCC-861616DD41D0}.Debug|Any CPU.Build.0 = Debug|Any CPU
		{015ACFFC-8600-4B20-8CCC-861616DD41D0}.Release|Any CPU.ActiveCfg = Release|Any CPU
		{015ACFFC-8600-4B20-8CCC-861616DD41D0}.Release|Any CPU.Build.0 = Release|Any CPU
		{D61D5D3D-8994-424E-B233-DCDE649AF182}.Debug|Any CPU.ActiveCfg = Debug|Any CPU
		{D61D5D3D-8994-424E-B233-DCDE649AF182}.Debug|Any CPU.Build.0 = Debug|Any CPU
		{D61D5D3D-8994-424E-B233-DCDE649AF182}.Release|Any CPU.ActiveCfg = Release|Any CPU
		{D61D5D3D-8994-424E-B233-DCDE649AF182}.Release|Any CPU.Build.0 = Release|Any CPU
	EndGlobalSection
	GlobalSection(SolutionProperties) = preSolution
		HideSolutionNode = FALSE
	EndGlobalSection
	GlobalSection(ExtensibilityGlobals) = postSolution
		SolutionGuid = {1C9281CB-6DA9-4740-84E8-2F3614652C12}
	EndGlobalSection
EndGlobal
